{
  "version": 4,
  "terraform_version": "1.6.6",
  "serial": 2,
  "lineage": "9e3a15fc-2bb2-defa-f593-252b56309980",
  "outputs": {},
  "resources": [
    {
      "mode": "managed",
      "type": "azurerm_resource_group",
      "name": "rg-tf",
      "provider": "provider[\"registry.terraform.io/hashicorp/azurerm\"]",
      "instances": [
        {
          "schema_version": 0,
          "attributes": {
            "id": "/subscriptions/cfe3adbf-451e-43e4-bae4-d5ef962b3c4c/resourceGroups/azure-minimal-spa-terraform-rg",
            "location": "eastus2",
            "managed_by": "",
            "name": "azure-minimal-spa-terraform-rg",
            "tags": {},
            "timeouts": null
          },
          "sensitive_attributes": [],
          "private": "eyJlMmJmYjczMC1lY2FhLTExZTYtOGY4OC0zNDM2M2JjN2M0YzAiOnsiY3JlYXRlIjo1NDAwMDAwMDAwMDAwLCJkZWxldGUiOjU0MDAwMDAwMDAwMDAsInJlYWQiOjMwMDAwMDAwMDAwMCwidXBkYXRlIjo1NDAwMDAwMDAwMDAwfX0="
        }
      ]
    }
  ],
  "check_results": null
}
